
Microsoft Visual Studio Solution File, Format Version 11.00
# Visual Studio 2010 Express for Windows Phone
Project("{FAE04EC0-301F-11D3-BF4B-00C04F79EFBC}") = "Spring.Social.Core.2010-WP71", "src\Spring.Social.Core\Spring.Social.Core.2010-WP71.csproj", "{651E2743-C112-431E-C7AF-34F236213A8B}"
EndProject
Global
	GlobalSection(SolutionConfigurationPlatforms) = preSolution
		Debug|Any CPU = Debug|Any CPU
		Release|Any CPU = Release|Any CPU
	EndGlobalSection
	GlobalSection(ProjectConfigurationPlatforms) = postSolution
		{651E2743-C112-431E-C7AF-34F236213A8B}.Debug|Any CPU.ActiveCfg = Debug|Any CPU
		{651E2743-C112-431E-C7AF-34F236213A8B}.Debug|Any CPU.Build.0 = Debug|Any CPU
		{651E2743-C112-431E-C7AF-34F236213A8B}.Release|Any CPU.ActiveCfg = Release|Any CPU
		{651E2743-C112-431E-C7AF-34F236213A8B}.Release|Any CPU.Build.0 = Release|Any CPU
	EndGlobalSection
	GlobalSection(SolutionProperties) = preSolution
		HideSolutionNode = FALSE
	EndGlobalSection
EndGlobal
