
Microsoft Visual Studio Solution File, Format Version 11.00
# Visual Studio 2010
Project("{FAE04EC0-301F-11D3-BF4B-00C04F79EFBC}") = "Spring.Social.Core.2010-SL40", "src\Spring.Social.Core\Spring.Social.Core.2010-SL40.csproj", "{AA2FE9EB-1AA3-12BF-A2C9-01FA5A7236C1}"
EndProject
Global
	GlobalSection(SolutionConfigurationPlatforms) = preSolution
		Debug|Any CPU = Debug|Any CPU
		Release|Any CPU = Release|Any CPU
	EndGlobalSection
	GlobalSection(ProjectConfigurationPlatforms) = postSolution
		{AA2FE9EB-1AA3-12BF-A2C9-01FA5A7236C1}.Debug|Any CPU.ActiveCfg = Debug|Any CPU
		{AA2FE9EB-1AA3-12BF-A2C9-01FA5A7236C1}.Debug|Any CPU.Build.0 = Debug|Any CPU
		{AA2FE9EB-1AA3-12BF-A2C9-01FA5A7236C1}.Release|Any CPU.ActiveCfg = Release|Any CPU
		{AA2FE9EB-1AA3-12BF-A2C9-01FA5A7236C1}.Release|Any CPU.Build.0 = Release|Any CPU
	EndGlobalSection
	GlobalSection(SolutionProperties) = preSolution
		HideSolutionNode = FALSE
	EndGlobalSection
EndGlobal
