
Microsoft Visual Studio Solution File, Format Version 11.00
# Visual Studio 2010 Express for Windows Phone
Project("{FAE04EC0-301F-11D3-BF4B-00C04F79EFBC}") = "Spring.OAuth1WindowsPhoneQuickStart.2010-WP71", "Spring.OAuth1WindowsPhoneQuickStart\Spring.OAuth1WindowsPhoneQuickStart.2010-WP71.csproj", "{FD459C5F-90CA-4C59-9EC8-78A791017EDF}"
EndProject
Project("{FAE04EC0-301F-11D3-BF4B-00C04F79EFBC}") = "Spring.Social.Twitter.2010-WP71", "..\Common\Spring.Social.Twitter\Spring.Social.Twitter.2010-WP71.csproj", "{4A44042B-1A82-4EDA-AC7C-3AAE03C5C5EA}"
EndProject
Project("{FAE04EC0-301F-11D3-BF4B-00C04F79EFBC}") = "Spring.Social.LinkedIn.2010-WP71", "..\Common\Spring.Social.LinkedIn\Spring.Social.LinkedIn.2010-WP71.csproj", "{5B44042B-1A82-4EDA-AC7C-3AAE03C5C5EA}"
EndProject
Global
	GlobalSection(SolutionConfigurationPlatforms) = preSolution
		Debug|Any CPU = Debug|Any CPU
		Release|Any CPU = Release|Any CPU
	EndGlobalSection
	GlobalSection(ProjectConfigurationPlatforms) = postSolution
		{FD459C5F-90CA-4C59-9EC8-78A791017EDF}.Debug|Any CPU.ActiveCfg = Debug|Any CPU
		{FD459C5F-90CA-4C59-9EC8-78A791017EDF}.Debug|Any CPU.Build.0 = Debug|Any CPU
		{FD459C5F-90CA-4C59-9EC8-78A791017EDF}.Debug|Any CPU.Deploy.0 = Debug|Any CPU
		{FD459C5F-90CA-4C59-9EC8-78A791017EDF}.Release|Any CPU.ActiveCfg = Release|Any CPU
		{FD459C5F-90CA-4C59-9EC8-78A791017EDF}.Release|Any CPU.Build.0 = Release|Any CPU
		{FD459C5F-90CA-4C59-9EC8-78A791017EDF}.Release|Any CPU.Deploy.0 = Release|Any CPU
		{4A44042B-1A82-4EDA-AC7C-3AAE03C5C5EA}.Debug|Any CPU.ActiveCfg = Debug|Any CPU
		{4A44042B-1A82-4EDA-AC7C-3AAE03C5C5EA}.Debug|Any CPU.Build.0 = Debug|Any CPU
		{4A44042B-1A82-4EDA-AC7C-3AAE03C5C5EA}.Release|Any CPU.ActiveCfg = Release|Any CPU
		{4A44042B-1A82-4EDA-AC7C-3AAE03C5C5EA}.Release|Any CPU.Build.0 = Release|Any CPU
		{5B44042B-1A82-4EDA-AC7C-3AAE03C5C5EA}.Debug|Any CPU.ActiveCfg = Debug|Any CPU
		{5B44042B-1A82-4EDA-AC7C-3AAE03C5C5EA}.Debug|Any CPU.Build.0 = Debug|Any CPU
		{5B44042B-1A82-4EDA-AC7C-3AAE03C5C5EA}.Release|Any CPU.ActiveCfg = Release|Any CPU
		{5B44042B-1A82-4EDA-AC7C-3AAE03C5C5EA}.Release|Any CPU.Build.0 = Release|Any CPU
	EndGlobalSection
	GlobalSection(SolutionProperties) = preSolution
		HideSolutionNode = FALSE
	EndGlobalSection
EndGlobal
