
Microsoft Visual Studio Solution File, Format Version 11.00
# Visual Studio 2010
Project("{FAE04EC0-301F-11D3-BF4B-00C04F79EFBC}") = "Spring.OAuth2MvcQuickStart.2010-NET40", "Spring.OAuth2MvcQuickStart\Spring.OAuth2MvcQuickStart.2010-NET40.csproj", "{D9712B29-3E52-4250-8D46-6E21C94B582A}"
EndProject
Project("{FAE04EC0-301F-11D3-BF4B-00C04F79EFBC}") = "Spring.Social.Facebook.2010-NET40", "..\Common\Spring.Social.Facebook\Spring.Social.Facebook.2010-NET40.csproj", "{A9978258-8AD4-4233-9DF5-959E08195962}"
EndProject
Project("{FAE04EC0-301F-11D3-BF4B-00C04F79EFBC}") = "Spring.Social.GitHub.2010-NET40", "..\Common\Spring.Social.Github\Spring.Social.GitHub.2010-NET40.csproj", "{BA978258-8AD4-4233-9DF5-959E08195962}"
EndProject
Global
	GlobalSection(SolutionConfigurationPlatforms) = preSolution
		Debug|Any CPU = Debug|Any CPU
		Release|Any CPU = Release|Any CPU
	EndGlobalSection
	GlobalSection(ProjectConfigurationPlatforms) = postSolution
		{D9712B29-3E52-4250-8D46-6E21C94B582A}.Debug|Any CPU.ActiveCfg = Debug|Any CPU
		{D9712B29-3E52-4250-8D46-6E21C94B582A}.Debug|Any CPU.Build.0 = Debug|Any CPU
		{D9712B29-3E52-4250-8D46-6E21C94B582A}.Release|Any CPU.ActiveCfg = Release|Any CPU
		{D9712B29-3E52-4250-8D46-6E21C94B582A}.Release|Any CPU.Build.0 = Release|Any CPU
		{A9978258-8AD4-4233-9DF5-959E08195962}.Debug|Any CPU.ActiveCfg = Debug|Any CPU
		{A9978258-8AD4-4233-9DF5-959E08195962}.Debug|Any CPU.Build.0 = Debug|Any CPU
		{A9978258-8AD4-4233-9DF5-959E08195962}.Release|Any CPU.ActiveCfg = Release|Any CPU
		{A9978258-8AD4-4233-9DF5-959E08195962}.Release|Any CPU.Build.0 = Release|Any CPU
		{BA978258-8AD4-4233-9DF5-959E08195962}.Debug|Any CPU.ActiveCfg = Debug|Any CPU
		{BA978258-8AD4-4233-9DF5-959E08195962}.Debug|Any CPU.Build.0 = Debug|Any CPU
		{BA978258-8AD4-4233-9DF5-959E08195962}.Release|Any CPU.ActiveCfg = Release|Any CPU
		{BA978258-8AD4-4233-9DF5-959E08195962}.Release|Any CPU.Build.0 = Release|Any CPU
	EndGlobalSection
	GlobalSection(SolutionProperties) = preSolution
		HideSolutionNode = FALSE
	EndGlobalSection
EndGlobal
