
Microsoft Visual Studio Solution File, Format Version 10.00
# Visual Studio 2008
Project("{FAE04EC0-301F-11D3-BF4B-00C04F79EFBC}") = "Spring.OAuth2ConsoleQuickStart.2008-NET35", "src\Spring.OAuth2ConsoleQuickStart\Spring.OAuth2ConsoleQuickStart.2008-NET35.csproj", "{1A7DB6A8-5DBF-2FDC-85AE-FAD4F27D6179}"
EndProject
Project("{FAE04EC0-301F-11D3-BF4B-00C04F79EFBC}") = "Spring.Social.Facebook.2008-NET35", "..\Common\Spring.Social.Facebook\Spring.Social.Facebook.2008-NET35.csproj", "{A9978258-8AD4-4233-9DF5-959E08195962}"
EndProject
Project("{FAE04EC0-301F-11D3-BF4B-00C04F79EFBC}") = "Spring.Social.GitHub.2008-NET35", "..\Common\Spring.Social.Github\Spring.Social.GitHub.2008-NET35.csproj", "{BA978258-8AD4-4233-9DF5-959E08195962}"
EndProject
Global
	GlobalSection(SolutionConfigurationPlatforms) = preSolution
		Debug|Any CPU = Debug|Any CPU
		Release|Any CPU = Release|Any CPU
	EndGlobalSection
	GlobalSection(ProjectConfigurationPlatforms) = postSolution
		{1A7DB6A8-5DBF-2FDC-85AE-FAD4F27D6179}.Debug|Any CPU.ActiveCfg = Debug|Any CPU
		{1A7DB6A8-5DBF-2FDC-85AE-FAD4F27D6179}.Debug|Any CPU.Build.0 = Debug|Any CPU
		{1A7DB6A8-5DBF-2FDC-85AE-FAD4F27D6179}.Release|Any CPU.ActiveCfg = Release|Any CPU
		{1A7DB6A8-5DBF-2FDC-85AE-FAD4F27D6179}.Release|Any CPU.Build.0 = Release|Any CPU
		{A9978258-8AD4-4233-9DF5-959E08195962}.Debug|Any CPU.ActiveCfg = Debug|Any CPU
		{A9978258-8AD4-4233-9DF5-959E08195962}.Debug|Any CPU.Build.0 = Debug|Any CPU
		{A9978258-8AD4-4233-9DF5-959E08195962}.Release|Any CPU.ActiveCfg = Release|Any CPU
		{A9978258-8AD4-4233-9DF5-959E08195962}.Release|Any CPU.Build.0 = Release|Any CPU
		{BA978258-8AD4-4233-9DF5-959E08195962}.Debug|Any CPU.ActiveCfg = Debug|Any CPU
		{BA978258-8AD4-4233-9DF5-959E08195962}.Debug|Any CPU.Build.0 = Debug|Any CPU
		{BA978258-8AD4-4233-9DF5-959E08195962}.Release|Any CPU.ActiveCfg = Release|Any CPU
		{BA978258-8AD4-4233-9DF5-959E08195962}.Release|Any CPU.Build.0 = Release|Any CPU
	EndGlobalSection
	GlobalSection(SolutionProperties) = preSolution
		HideSolutionNode = FALSE
	EndGlobalSection
EndGlobal
